
Microsoft Visual Studio Solution File, Format Version 12.00
# Visual Studio Version 17
VisualStudioVersion = 17.8.34525.116
MinimumVisualStudioVersion = 10.0.40219.1
Project("{FAE04EC0-301F-11D3-BF4B-00C04F79EFBC}") = "SkillLogger", "SkillLogger\SkillLogger.csproj", "{93960C4D-DD6C-45D5-B112-CFA695869F3B}"
EndProject
Global
	GlobalSection(SolutionConfigurationPlatforms) = preSolution
		Debug|Any CPU = Debug|Any CPU
		Release|Any CPU = Release|Any CPU
	EndGlobalSection
	GlobalSection(ProjectConfigurationPlatforms) = postSolution
		{93960C4D-DD6C-45D5-B112-CFA695869F3B}.Debug|Any CPU.ActiveCfg = Debug|Any CPU
		{93960C4D-DD6C-45D5-B112-CFA695869F3B}.Debug|Any CPU.Build.0 = Debug|Any CPU
		{93960C4D-DD6C-45D5-B112-CFA695869F3B}.Release|Any CPU.ActiveCfg = Release|Any CPU
		{93960C4D-DD6C-45D5-B112-CFA695869F3B}.Release|Any CPU.Build.0 = Release|Any CPU
	EndGlobalSection
	GlobalSection(SolutionProperties) = preSolution
		HideSolutionNode = FALSE
	EndGlobalSection
	GlobalSection(ExtensibilityGlobals) = postSolution
		SolutionGuid = {CF55B46E-0213-43FC-B1CB-EEEF93F1A1AA}
	EndGlobalSection
EndGlobal
